
Microsoft Visual Studio Solution File, Format Version 12.00
# Visual Studio Version 17
VisualStudioVersion = 17.7.34031.279
MinimumVisualStudioVersion = 10.0.40219.1
Project("{FAE04EC0-301F-11D3-BF4B-00C04F79EFBC}") = "AutoService", "AutoService.csproj", "{A52A5322-C39A-485E-93E3-FD3DED897DED}"
EndProject
Global
	GlobalSection(SolutionConfigurationPlatforms) = preSolution
		Debug|Any CPU = Debug|Any CPU
		Release|Any CPU = Release|Any CPU
	EndGlobalSection
	GlobalSection(ProjectConfigurationPlatforms) = postSolution
		{A52A5322-C39A-485E-93E3-FD3DED897DED}.Debug|Any CPU.ActiveCfg = Debug|Any CPU
		{A52A5322-C39A-485E-93E3-FD3DED897DED}.Debug|Any CPU.Build.0 = Debug|Any CPU
		{A52A5322-C39A-485E-93E3-FD3DED897DED}.Release|Any CPU.ActiveCfg = Release|Any CPU
		{A52A5322-C39A-485E-93E3-FD3DED897DED}.Release|Any CPU.Build.0 = Release|Any CPU
	EndGlobalSection
	GlobalSection(SolutionProperties) = preSolution
		HideSolutionNode = FALSE
	EndGlobalSection
	GlobalSection(ExtensibilityGlobals) = postSolution
		SolutionGuid = {4949151B-5BD0-433B-81AF-481D4420C4E7}
	EndGlobalSection
EndGlobal
