
Microsoft Visual Studio Solution File, Format Version 12.00
# Visual Studio Version 17
VisualStudioVersion = 17.7.34031.279
MinimumVisualStudioVersion = 10.0.40219.1
Project("{FAE04EC0-301F-11D3-BF4B-00C04F79EFBC}") = "AutoService", "AutoService.csproj", "{A52A5322-C39A-485E-93E3-FD3DED897DED}"
EndProject
Project("{2150E333-8FDC-42A3-9474-1A3956D46DE8}") = "ApplicationCore", "ApplicationCore", "{1F5F093D-B8B7-41D6-AEA1-FCFD7230A866}"
EndProject
Project("{2150E333-8FDC-42A3-9474-1A3956D46DE8}") = "Infrastructure", "Infrastructure", "{BEFF44C9-9F4B-45C8-B93A-7EC7D4C5B0DD}"
EndProject
Project("{FAE04EC0-301F-11D3-BF4B-00C04F79EFBC}") = "DomainModel", "..\DomainModel\DomainModel.csproj", "{E892D926-E166-4EE7-BAAD-85EB62233EB3}"
EndProject
Project("{FAE04EC0-301F-11D3-BF4B-00C04F79EFBC}") = "Interfaces", "..\Interfaces\Interfaces.csproj", "{AD77721C-D32E-4689-84FC-30CAF99BBF25}"
EndProject
Project("{FAE04EC0-301F-11D3-BF4B-00C04F79EFBC}") = "BLL", "..\BLL\BLL.csproj", "{225AFDD0-01C6-4C39-B460-D76F20E8F4D7}"
EndProject
Project("{FAE04EC0-301F-11D3-BF4B-00C04F79EFBC}") = "DAL", "..\DAL\DAL.csproj", "{83C43877-100A-416B-B9FB-B78E1E98F387}"
EndProject
Global
	GlobalSection(SolutionConfigurationPlatforms) = preSolution
		Debug|Any CPU = Debug|Any CPU
		Release|Any CPU = Release|Any CPU
	EndGlobalSection
	GlobalSection(ProjectConfigurationPlatforms) = postSolution
		{A52A5322-C39A-485E-93E3-FD3DED897DED}.Debug|Any CPU.ActiveCfg = Debug|Any CPU
		{A52A5322-C39A-485E-93E3-FD3DED897DED}.Debug|Any CPU.Build.0 = Debug|Any CPU
		{A52A5322-C39A-485E-93E3-FD3DED897DED}.Release|Any CPU.ActiveCfg = Release|Any CPU
		{A52A5322-C39A-485E-93E3-FD3DED897DED}.Release|Any CPU.Build.0 = Release|Any CPU
		{E892D926-E166-4EE7-BAAD-85EB62233EB3}.Debug|Any CPU.ActiveCfg = Debug|Any CPU
		{E892D926-E166-4EE7-BAAD-85EB62233EB3}.Debug|Any CPU.Build.0 = Debug|Any CPU
		{E892D926-E166-4EE7-BAAD-85EB62233EB3}.Release|Any CPU.ActiveCfg = Release|Any CPU
		{E892D926-E166-4EE7-BAAD-85EB62233EB3}.Release|Any CPU.Build.0 = Release|Any CPU
		{AD77721C-D32E-4689-84FC-30CAF99BBF25}.Debug|Any CPU.ActiveCfg = Debug|Any CPU
		{AD77721C-D32E-4689-84FC-30CAF99BBF25}.Debug|Any CPU.Build.0 = Debug|Any CPU
		{AD77721C-D32E-4689-84FC-30CAF99BBF25}.Release|Any CPU.ActiveCfg = Release|Any CPU
		{AD77721C-D32E-4689-84FC-30CAF99BBF25}.Release|Any CPU.Build.0 = Release|Any CPU
		{225AFDD0-01C6-4C39-B460-D76F20E8F4D7}.Debug|Any CPU.ActiveCfg = Debug|Any CPU
		{225AFDD0-01C6-4C39-B460-D76F20E8F4D7}.Debug|Any CPU.Build.0 = Debug|Any CPU
		{225AFDD0-01C6-4C39-B460-D76F20E8F4D7}.Release|Any CPU.ActiveCfg = Release|Any CPU
		{225AFDD0-01C6-4C39-B460-D76F20E8F4D7}.Release|Any CPU.Build.0 = Release|Any CPU
		{83C43877-100A-416B-B9FB-B78E1E98F387}.Debug|Any CPU.ActiveCfg = Debug|Any CPU
		{83C43877-100A-416B-B9FB-B78E1E98F387}.Debug|Any CPU.Build.0 = Debug|Any CPU
		{83C43877-100A-416B-B9FB-B78E1E98F387}.Release|Any CPU.ActiveCfg = Release|Any CPU
		{83C43877-100A-416B-B9FB-B78E1E98F387}.Release|Any CPU.Build.0 = Release|Any CPU
	EndGlobalSection
	GlobalSection(SolutionProperties) = preSolution
		HideSolutionNode = FALSE
	EndGlobalSection
	GlobalSection(NestedProjects) = preSolution
		{E892D926-E166-4EE7-BAAD-85EB62233EB3} = {1F5F093D-B8B7-41D6-AEA1-FCFD7230A866}
		{AD77721C-D32E-4689-84FC-30CAF99BBF25} = {1F5F093D-B8B7-41D6-AEA1-FCFD7230A866}
		{225AFDD0-01C6-4C39-B460-D76F20E8F4D7} = {BEFF44C9-9F4B-45C8-B93A-7EC7D4C5B0DD}
		{83C43877-100A-416B-B9FB-B78E1E98F387} = {BEFF44C9-9F4B-45C8-B93A-7EC7D4C5B0DD}
	EndGlobalSection
	GlobalSection(ExtensibilityGlobals) = postSolution
		SolutionGuid = {4949151B-5BD0-433B-81AF-481D4420C4E7}
	EndGlobalSection
EndGlobal
